lockfileVersion: '6.0'

settings:
  autoInstallPeers: true
  excludeLinksFromLockfile: false

dependencies:
  commander:
    specifier: ^8.3.0
    version: 8.3.0

devDependencies:
  '@types/node':
    specifier: ^16.11.12
    version: 16.18.104
  typescript:
    specifier: ^4.5.2
    version: 4.9.5

packages:

  /@types/node@16.18.104:
    resolution: {integrity: sha512-OF3keVCbfPlkzxnnDBUZJn1RiCJzKeadjiW0xTEb0G1SUJ5gDVb3qnzZr2T4uIFvsbKJbXy1v2DN7e2zaEY7jQ==}
    dev: true

  /commander@8.3.0:
    resolution: {integrity: sha512-OkTL9umf+He2DZkUq8f8J9of7yL6RJKI24dVITBmNfZBmri9zYZQrKkuXiKhyfPSu8tUhnVBB1iKXevvnlR4Ww==}
    engines: {node: '>= 12'}
    dev: false

  /typescript@4.9.5:
    resolution: {integrity: sha512-1FXk9E2Hm+QzZQ7z+McJiHL4NW1F2EzMu9Nq9i3zAaGqibafqYwCVU6WyWAuyQRRzOlxou8xZSyXLEN8oKj24g==}
    engines: {node: '>=4.2.0'}
    hasBin: true
    dev: true
